
Microsoft Visual Studio Solution File, Format Version 12.00
# Visual Studio Version 16
VisualStudioVersion = 16.0.30907.101
MinimumVisualStudioVersion = 10.0.40219.1
Project("{FAE04EC0-301F-11D3-BF4B-00C04F79EFBC}") = "WebApplicationDev", "WebApplicationDev\WebApplicationDev.csproj", "{C74F01F3-12D2-4FA6-9551-588788F496CC}"
EndProject
Global
	GlobalSection(SolutionConfigurationPlatforms) = preSolution
		Debug|Any CPU = Debug|Any CPU
		Release|Any CPU = Release|Any CPU
	EndGlobalSection
	GlobalSection(ProjectConfigurationPlatforms) = postSolution
		{C74F01F3-12D2-4FA6-9551-588788F496CC}.Debug|Any CPU.ActiveCfg = Debug|Any CPU
		{C74F01F3-12D2-4FA6-9551-588788F496CC}.Debug|Any CPU.Build.0 = Debug|Any CPU
		{C74F01F3-12D2-4FA6-9551-588788F496CC}.Release|Any CPU.ActiveCfg = Release|Any CPU
		{C74F01F3-12D2-4FA6-9551-588788F496CC}.Release|Any CPU.Build.0 = Release|Any CPU
	EndGlobalSection
	GlobalSection(SolutionProperties) = preSolution
		HideSolutionNode = FALSE
	EndGlobalSection
	GlobalSection(ExtensibilityGlobals) = postSolution
		SolutionGuid = {961F2A13-C79E-47C4-9DC8-7E063DDE4922}
	EndGlobalSection
EndGlobal
